// !$*UTF8*$!
{
	archiveVersion = 1;
	classes = {
	};
	objectVersion = 48;
	objects = {

/* Begin PBXBuildFile section */
		CE579C9D204D8E7B00F3E774 /* AppDelegate.swift in Sources */ = {isa = PBXBuildFile; fileRef = CE579C9C204D8E7B00F3E774 /* AppDelegate.swift */; };
		CE579C9F204D8E7B00F3E774 /* ViewController.swift in Sources */ = {isa = PBXBuildFile; fileRef = CE579C9E204D8E7B00F3E774 /* ViewController.swift */; };
		CE579CA2204D8E7B00F3E774 /* Main.storyboard in Resources */ = {isa = PBXBuildFile; fileRef = CE579CA0204D8E7B00F3E774 /* Main.storyboard */; };
		CE579CA4204D8E7B00F3E774 /* Assets.xcassets in Resources */ = {isa = PBXBuildFile; fileRef = CE579CA3204D8E7B00F3E774 /* Assets.xcassets */; };
		CE579CA7204D8E7B00F3E774 /* LaunchScreen.storyboard in Resources */ = {isa = PBXBuildFile; fileRef = CE579CA5204D8E7B00F3E774 /* LaunchScreen.storyboard */; };
/* End PBXBuildFile section */

/* Begin PBXFileReference section */
		CE579C99204D8E7B00F3E774 /* BipBop.app */ = {isa = PBXFileReference; explicitFileType = wrapper.application; includeInIndex = 0; path = BipBop.app; sourceTree = BUILT_PRODUCTS_DIR; };
		CE579C9C204D8E7B00F3E774 /* AppDelegate.swift */ = {isa = PBXFileReference; lastKnownFileType = sourcecode.swift; path = AppDelegate.swift; sourceTree = "<group>"; };
		CE579C9E204D8E7B00F3E774 /* ViewController.swift */ = {isa = PBXFileReference; lastKnownFileType = sourcecode.swift; path = ViewController.swift; sourceTree = "<group>"; };
		CE579CA1204D8E7B00F3E774 /* Base */ = {isa = PBXFileReference; lastKnownFileType = file.storyboard; name = Base; path = Base.lproj/Main.storyboard; sourceTree = "<group>"; };
		CE579CA3204D8E7B00F3E774 /* Assets.xcassets */ = {isa = PBXFileReference; lastKnownFileType = folder.assetcatalog; path = Assets.xcassets; sourceTree = "<group>"; };
		CE579CA6204D8E7B00F3E774 /* Base */ = {isa = PBXFileReference; lastKnownFileType = file.storyboard; name = Base; path = Base.lproj/LaunchScreen.storyboard; sourceTree = "<group>"; };
		CE579CA8204D8E7B00F3E774 /* Info.plist */ = {isa = PBXFileReference; lastKnownFileType = text.plist.xml; path = Info.plist; sourceTree = "<group>"; };
/* End PBXFileReference section */

/* Begin PBXFrameworksBuildPhase section */
		CE579C96204D8E7B00F3E774 /* Frameworks */ = {
			isa = PBXFrameworksBuildPhase;
			buildActionMask = 2147483647;
			files = (
			);
			runOnlyForDeploymentPostprocessing = 0;
		};
/* End PBXFrameworksBuildPhase section */

/* Begin PBXGroup section */
		CE579C90204D8E7B00F3E774 = {
			isa = PBXGroup;
			children = (
				CE579C9B204D8E7B00F3E774 /* BipBop */,
				CE579C9A204D8E7B00F3E774 /* Products */,
			);
			sourceTree = "<group>";
		};
		CE579C9A204D8E7B00F3E774 /* Products */ = {
			isa = PBXGroup;
			children = (
				CE579C99204D8E7B00F3E774 /* BipBop.app */,
			);
			name = Products;
			sourceTree = "<group>";
		};
		CE579C9B204D8E7B00F3E774 /* BipBop */ = {
			isa = PBXGroup;
			children = (
				CE579C9C204D8E7B00F3E774 /* AppDelegate.swift */,
				CE579C9E204D8E7B00F3E774 /* ViewController.swift */,
				CE579CA0204D8E7B00F3E774 /* Main.storyboard */,
				CE579CA3204D8E7B00F3E774 /* Assets.xcassets */,
				CE579CA5204D8E7B00F3E774 /* LaunchScreen.storyboard */,
				CE579CA8204D8E7B00F3E774 /* Info.plist */,
			);
			path = BipBop;
			sourceTree = "<group>";
		};
/* End PBXGroup section */

/* Begin PBXNativeTarget section */
		CE579C98204D8E7B00F3E774 /* BipBop */ = {
			isa = PBXNativeTarget;
			buildConfigurationList = CE579CAB204D8E7B00F3E774 /* Build configuration list for PBXNativeTarget "BipBop" */;
			buildPhases = (
				CE579C95204D8E7B00F3E774 /* Sources */,
				CE579C96204D8E7B00F3E774 /* Frameworks */,
				CE579C97204D8E7B00F3E774 /* Resources */,
			);
			buildRules = (
			);
			dependencies = (
			);
			name = BipBop;
			productName = BipBop;
			productReference = CE579C99204D8E7B00F3E774 /* BipBop.app */;
			productType = "com.apple.product-type.application";
		};
/* End PBXNativeTarget section */

/* Begin PBXProject section */
		CE579C91204D8E7B00F3E774 /* Project object */ = {
			isa = PBXProject;
			attributes = {
				LastSwiftUpdateCheck = 0920;
				LastUpgradeCheck = 0920;
				ORGANIZATIONNAME = Administrator;
				TargetAttributes = {
					CE579C98204D8E7B00F3E774 = {
						CreatedOnToolsVersion = 9.2;
						ProvisioningStyle = Automatic;
					};
				};
			};
			buildConfigurationList = CE579C94204D8E7B00F3E774 /* Build configuration list for PBXProject "BipBop" */;
			compatibilityVersion = "Xcode 8.0";
			developmentRegion = en;
			hasScannedForEncodings = 0;
			knownRegions = (
				en,
				Base,
			);
			mainGroup = CE579C90204D8E7B00F3E774;
			productRefGroup = CE579C9A204D8E7B00F3E774 /* Products */;
			projectDirPath = "";
			projectRoot = "";
			targets = (
				CE579C98204D8E7B00F3E774 /* BipBop */,
			);
		};
/* End PBXProject section */

/* Begin PBXResourcesBuildPhase section */
		CE579C97204D8E7B00F3E774 /* Resources */ = {
			isa = PBXResourcesBuildPhase;
			buildActionMask = 2147483647;
			files = (
				CE579CA7204D8E7B00F3E774 /* LaunchScreen.storyboard in Resources */,
				CE579CA4204D8E7B00F3E774 /* Assets.xcassets in Resources */,
				CE579CA2204D8E7B00F3E774 /* Main.storyboard in Resources */,
			);
			runOnlyForDeploymentPostprocessing = 0;
		};
/* End PBXResourcesBuildPhase section */

/* Begin PBXSourcesBuildPhase section */
		CE579C95204D8E7B00F3E774 /* Sources */ = {
			isa = PBXSourcesBuildPhase;
			buildActionMask = 2147483647;
			files = (
				CE579C9F204D8E7B00F3E774 /* ViewController.swift in Sources */,
				CE579C9D204D8E7B00F3E774 /* AppDelegate.swift in Sources */,
			);
			runOnlyForDeploymentPostprocessing = 0;
		};
/* End PBXSourcesBuildPhase section */

/* Begin PBXVariantGroup section */
		CE579CA0204D8E7B00F3E774 /* Main.storyboard */ = {
			isa = PBXVariantGroup;
			children = (
				CE579CA1204D8E7B00F3E774 /* Base */,
			);
			name = Main.storyboard;
			sourceTree = "<group>";
		};
		CE579CA5204D8E7B00F3E774 /* LaunchScreen.storyboard */ = {
			isa = PBXVariantGroup;
			children = (
				CE579CA6204D8E7B00F3E774 /* Base */,
			);
			name = LaunchScreen.storyboard;
			sourceTree = "<group>";
		};
/* End PBXVariantGroup section */

/* Begin XCBuildConfiguration section */
		CE579CA9204D8E7B00F3E774 /* Debug */ = {
			isa = XCBuildConfiguration;
			buildSettings = {
				ALWAYS_SEARCH_USER_PATHS = NO;
				CLANG_ANALYZER_NONNULL = YES;
				CLANG_ANALYZER_NUMBER_OBJECT_CONVERSION = YES_AGGRESSIVE;
				CLANG_CXX_LANGUAGE_STANDARD = "gnu++14";
				CLANG_CXX_LIBRARY = "libc++";
				CLANG_ENABLE_MODULES = YES;
				CLANG_ENABLE_OBJC_ARC = YES;
				CLANG_WARN_BLOCK_CAPTURE_AUTORELEASING = YES;
				CLANG_WARN_BOOL_CONVERSION = YES;
				CLANG_WARN_COMMA = YES;
				CLANG_WARN_CONSTANT_CONVERSION = YES;
				CLANG_WARN_DIRECT_OBJC_ISA_USAGE = YES_ERROR;
				CLANG_WARN_DOCUMENTATION_COMMENTS = YES;
				CLANG_WARN_EMPTY_BODY = YES;
				CLANG_WARN_ENUM_CONVERSION = YES;
				CLANG_WARN_INFINITE_RECURSION = YES;
				CLANG_WARN_INT_CONVERSION = YES;
				CLANG_WARN_NON_LITERAL_NULL_CONVERSION = YES;
				CLANG_WARN_OBJC_LITERAL_CONVERSION = YES;
				CLANG_WARN_OBJC_ROOT_CLASS = YES_ERROR;
				CLANG_WARN_RANGE_LOOP_ANALYSIS = YES;
				CLANG_WARN_STRICT_PROTOTYPES = YES;
				CLANG_WARN_SUSPICIOUS_MOVE = YES;
				CLANG_WARN_UNGUARDED_AVAILABILITY = YES_AGGRESSIVE;
				CLANG_WARN_UNREACHABLE_CODE = YES;
				CLANG_WARN__DUPLICATE_METHOD_MATCH = YES;
				CODE_SIGN_IDENTITY = "iPhone Developer";
				COPY_PHASE_STRIP = NO;
				DEBUG_INFORMATION_FORMAT = dwarf;
				ENABLE_STRICT_OBJC_MSGSEND = YES;
				ENABLE_TESTABILITY = YES;
				GCC_C_LANGUAGE_STANDARD = gnu11;
				GCC_DYNAMIC_NO_PIC = NO;
				GCC_NO_COMMON_BLOCKS = YES;
				GCC_OPTIMIZATION_LEVEL = 0;
				GCC_PREPROCESSOR_DEFINITIONS = (
					"DEBUG=1",
					"$(inherited)",
				);
				GCC_WARN_64_TO_32_BIT_CONVERSION = YES;
				GCC_WARN_ABOUT_RETURN_TYPE = YES_ERROR;
				GCC_WARN_UNDECLARED_SELECTOR = YES;
				GCC_WARN_UNINITIALIZED_AUTOS = YES_AGGRESSIVE;
				GCC_WARN_UNUSED_FUNCTION = YES;
				GCC_WARN_UNUSED_VARIABLE = YES;
				IPHONEOS_DEPLOYMENT_TARGET = 11.2;
				MTL_ENABLE_DEBUG_INFO = YES;
				ONLY_ACTIVE_ARCH = YES;
				SDKROOT = iphoneos;
				SWIFT_ACTIVE_COMPILATION_CONDITIONS = DEBUG;
				SWIFT_OPTIMIZATION_LEVEL = "-Onone";
			};
			name = Debug;
		};
		CE579CAA204D8E7B00F3E774 /* Release */ = {
			isa = XCBuildConfiguration;
			buildSettings = {
				ALWAYS_SEARCH_USER_PATHS = NO;
				CLANG_ANALYZER_NONNULL = YES;
				CLANG_ANALYZER_NUMBER_OBJECT_CONVERSION = YES_AGGRESSIVE;
				CLANG_CXX_LANGUAGE_STANDARD = "gnu++14";
				CLANG_CXX_LIBRARY = "libc++";
				CLANG_ENABLE_MODULES = YES;
				CLANG_ENABLE_OBJC_ARC = YES;
				CLANG_WARN_BLOCK_CAPTURE_AUTORELEASING = YES;
				CLANG_WARN_BOOL_CONVERSION = YES;
				CLANG_WARN_COMMA = YES;
				CLANG_WARN_CONSTANT_CONVERSION = YES;
				CLANG_WARN_DIRECT_OBJC_ISA_USAGE = YES_ERROR;
				CLANG_WARN_DOCUMENTATION_COMMENTS = YES;
				CLANG_WARN_EMPTY_BODY = YES;
				CLANG_WARN_ENUM_CONVERSION = YES;
				CLANG_WARN_INFINITE_RECURSION = YES;
				CLANG_WARN_INT_CONVERSION = YES;
				CLANG_WARN_NON_LITERAL_NULL_CONVERSION = YES;
				CLANG_WARN_OBJC_LITERAL_CONVERSION = YES;
				CLANG_WARN_OBJC_ROOT_CLASS = YES_ERROR;
				CLANG_WARN_RANGE_LOOP_ANALYSIS = YES;
				CLANG_WARN_STRICT_PROTOTYPES = YES;
				CLANG_WARN_SUSPICIOUS_MOVE = YES;
				CLANG_WARN_UNGUARDED_AVAILABILITY = YES_AGGRESSIVE;
				CLANG_WARN_UNREACHABLE_CODE = YES;
				CLANG_WARN__DUPLICATE_METHOD_MATCH = YES;
				CODE_SIGN_IDENTITY = "iPhone Developer";
				COPY_PHASE_STRIP = NO;
				DEBUG_INFORMATION_FORMAT = "dwarf-with-dsym";
				ENABLE_NS_ASSERTIONS = NO;
				ENABLE_STRICT_OBJC_MSGSEND = YES;
				GCC_C_LANGUAGE_STANDARD = gnu11;
				GCC_NO_COMMON_BLOCKS = YES;
				GCC_WARN_64_TO_32_BIT_CONVERSION = YES;
				GCC_WARN_ABOUT_RETURN_TYPE = YES_ERROR;
				GCC_WARN_UNDECLARED_SELECTOR = YES;
				GCC_WARN_UNINITIALIZED_AUTOS = YES_AGGRESSIVE;
				GCC_WARN_UNUSED_FUNCTION = YES;
				GCC_WARN_UNUSED_VARIABLE = YES;
				IPHONEOS_DEPLOYMENT_TARGET = 11.2;
				MTL_ENABLE_DEBUG_INFO = NO;
				SDKROOT = iphoneos;
				SWIFT_OPTIMIZATION_LEVEL = "-Owholemodule";
				VALIDATE_PRODUCT = YES;
			};
			name = Release;
		};
		CE579CAC204D8E7B00F3E774 /* Debug */ = {
			isa = XCBuildConfiguration;
			buildSettings = {
				ASSETCATALOG_COMPILER_APPICON_NAME = AppIcon;
				CODE_SIGN_STYLE = Automatic;
				INFOPLIST_FILE = BipBop/Info.plist;
				LD_RUNPATH_SEARCH_PATHS = "$(inherited) @executable_path/Frameworks";
				PRODUCT_BUNDLE_IDENTIFIER = Administrator.BipBop;
				PRODUCT_NAME = "$(TARGET_NAME)";
				SWIFT_VERSION = 4.0;
				TARGETED_DEVICE_FAMILY = "1,2";
			};
			name = Debug;
		};
		CE579CAD204D8E7B00F3E774 /* Release */ = {
			isa = XCBuildConfiguration;
			buildSettings = {
				ASSETCATALOG_COMPILER_APPICON_NAME = AppIcon;
				CODE_SIGN_STYLE = Automatic;
				INFOPLIST_FILE = BipBop/Info.plist;
				LD_RUNPATH_SEARCH_PATHS = "$(inherited) @executable_path/Frameworks";
				PRODUCT_BUNDLE_IDENTIFIER = Administrator.BipBop;
				PRODUCT_NAME = "$(TARGET_NAME)";
				SWIFT_VERSION = 4.0;
				TARGETED_DEVICE_FAMILY = "1,2";
			};
			name = Release;
		};
/* End XCBuildConfiguration section */

/* Begin XCConfigurationList section */
		CE579C94204D8E7B00F3E774 /* Build configuration list for PBXProject "BipBop" */ = {
			isa = XCConfigurationList;
			buildConfigurations = (
				CE579CA9204D8E7B00F3E774 /* Debug */,
				CE579CAA204D8E7B00F3E774 /* Release */,
			);
			defaultConfigurationIsVisible = 0;
			defaultConfigurationName = Release;
		};
		CE579CAB204D8E7B00F3E774 /* Build configuration list for PBXNativeTarget "BipBop" */ = {
			isa = XCConfigurationList;
			buildConfigurations = (
				CE579CAC204D8E7B00F3E774 /* Debug */,
				CE579CAD204D8E7B00F3E774 /* Release */,
			);
			defaultConfigurationIsVisible = 0;
			defaultConfigurationName = Release;
		};
/* End XCConfigurationList section */
	};
	rootObject = CE579C91204D8E7B00F3E774 /* Project object */;
}
